
Microsoft Visual Studio Solution File, Format Version 12.00
# Visual Studio 15
Project("{FAE04EC0-301F-11D3-BF4B-00C04F79EFBC}") = "Assembly-CSharp", "Assembly-CSharp.csproj", "{2E970855-AB6A-B117-A7DF-838180D1442C}"
EndProject
Project("{FAE04EC0-301F-11D3-BF4B-00C04F79EFBC}") = "Assembly-CSharp-firstpass", "Assembly-CSharp-firstpass.csproj", "{5C41C74C-9DDC-1E93-C793-FF864AB2ED32}"
EndProject
Global
	GlobalSection(SolutionConfigurationPlatforms) = preSolution
		Debug|Any CPU = Debug|Any CPU
		Release|Any CPU = Release|Any CPU
	EndGlobalSection
	GlobalSection(ProjectConfigurationPlatforms) = postSolution
		{2E970855-AB6A-B117-A7DF-838180D1442C}.Debug|Any CPU.ActiveCfg = Debug|Any CPU
		{2E970855-AB6A-B117-A7DF-838180D1442C}.Debug|Any CPU.Build.0 = Debug|Any CPU
		{2E970855-AB6A-B117-A7DF-838180D1442C}.Release|Any CPU.ActiveCfg = Release|Any CPU
		{2E970855-AB6A-B117-A7DF-838180D1442C}.Release|Any CPU.Build.0 = Release|Any CPU
		{5C41C74C-9DDC-1E93-C793-FF864AB2ED32}.Debug|Any CPU.ActiveCfg = Debug|Any CPU
		{5C41C74C-9DDC-1E93-C793-FF864AB2ED32}.Debug|Any CPU.Build.0 = Debug|Any CPU
		{5C41C74C-9DDC-1E93-C793-FF864AB2ED32}.Release|Any CPU.ActiveCfg = Release|Any CPU
		{5C41C74C-9DDC-1E93-C793-FF864AB2ED32}.Release|Any CPU.Build.0 = Release|Any CPU
	EndGlobalSection
	GlobalSection(SolutionProperties) = preSolution
		HideSolutionNode = FALSE
	EndGlobalSection
EndGlobal
