
Microsoft Visual Studio Solution File, Format Version 12.00
# Visual Studio 15
Project("{FAE04EC0-301F-11D3-BF4B-00C04F79EFBC}") = "Assembly-CSharp", "Assembly-CSharp.csproj", "{31C40042-0690-9B3C-98D3-F2191DD92D16}"
EndProject
Project("{FAE04EC0-301F-11D3-BF4B-00C04F79EFBC}") = "Assembly-CSharp-firstpass", "Assembly-CSharp-firstpass.csproj", "{D09893F5-1EB7-66AA-496A-C79BA73CD35A}"
EndProject
Global
	GlobalSection(SolutionConfigurationPlatforms) = preSolution
		Debug|Any CPU = Debug|Any CPU
		Release|Any CPU = Release|Any CPU
	EndGlobalSection
	GlobalSection(ProjectConfigurationPlatforms) = postSolution
		{31C40042-0690-9B3C-98D3-F2191DD92D16}.Debug|Any CPU.ActiveCfg = Debug|Any CPU
		{31C40042-0690-9B3C-98D3-F2191DD92D16}.Debug|Any CPU.Build.0 = Debug|Any CPU
		{31C40042-0690-9B3C-98D3-F2191DD92D16}.Release|Any CPU.ActiveCfg = Release|Any CPU
		{31C40042-0690-9B3C-98D3-F2191DD92D16}.Release|Any CPU.Build.0 = Release|Any CPU
		{D09893F5-1EB7-66AA-496A-C79BA73CD35A}.Debug|Any CPU.ActiveCfg = Debug|Any CPU
		{D09893F5-1EB7-66AA-496A-C79BA73CD35A}.Debug|Any CPU.Build.0 = Debug|Any CPU
		{D09893F5-1EB7-66AA-496A-C79BA73CD35A}.Release|Any CPU.ActiveCfg = Release|Any CPU
		{D09893F5-1EB7-66AA-496A-C79BA73CD35A}.Release|Any CPU.Build.0 = Release|Any CPU
	EndGlobalSection
	GlobalSection(SolutionProperties) = preSolution
		HideSolutionNode = FALSE
	EndGlobalSection
EndGlobal
